
Microsoft Visual Studio Solution File, Format Version 12.00
# Visual Studio 15
Project("{FAE04EC0-301F-11D3-BF4B-00C04F79EFBC}") = "OhMySky", "OhMySky.csproj", "{E94E8690-E67A-4D7B-AEC4-B992A5CEDB72}"
EndProject
Global
	GlobalSection(SolutionConfigurationPlatforms) = preSolution
		Debug|Any CPU = Debug|Any CPU
		Release|Any CPU = Release|Any CPU
	EndGlobalSection
	GlobalSection(ProjectConfigurationPlatforms) = postSolution
		{E94E8690-E67A-4D7B-AEC4-B992A5CEDB72}.Debug|Any CPU.ActiveCfg = Debug|Any CPU
		{E94E8690-E67A-4D7B-AEC4-B992A5CEDB72}.Debug|Any CPU.Build.0 = Debug|Any CPU
		{E94E8690-E67A-4D7B-AEC4-B992A5CEDB72}.Release|Any CPU.ActiveCfg = Release|Any CPU
		{E94E8690-E67A-4D7B-AEC4-B992A5CEDB72}.Release|Any CPU.Build.0 = Release|Any CPU
	EndGlobalSection
EndGlobal
