
Microsoft Visual Studio Solution File, Format Version 12.00
# Visual Studio 15
Project("{FAE04EC0-301F-11D3-BF4B-00C04F79EFBC}") = "OhMySky.Android", "OhMySky.Android\OhMySky.Android.csproj", "{57B8BA87-A7B5-451C-AA9C-F8C5EBD07CC9}"
EndProject
Project("{FAE04EC0-301F-11D3-BF4B-00C04F79EFBC}") = "OhMySky.UITests", "OhMySky.UITests\OhMySky.UITests.csproj", "{F08B532E-7290-4B58-B971-DF5099D33C04}"
EndProject
Project("{FAE04EC0-301F-11D3-BF4B-00C04F79EFBC}") = "OhMySky", "OhMySky\OhMySky.csproj", "{AFF3094F-7EFD-49A6-ABDB-CB384D47AF77}"
EndProject
Global
	GlobalSection(SolutionConfigurationPlatforms) = preSolution
		Debug|Any CPU = Debug|Any CPU
		Release|Any CPU = Release|Any CPU
	EndGlobalSection
	GlobalSection(ProjectConfigurationPlatforms) = postSolution
		{57B8BA87-A7B5-451C-AA9C-F8C5EBD07CC9}.Debug|Any CPU.ActiveCfg = Debug|Any CPU
		{57B8BA87-A7B5-451C-AA9C-F8C5EBD07CC9}.Debug|Any CPU.Build.0 = Debug|Any CPU
		{57B8BA87-A7B5-451C-AA9C-F8C5EBD07CC9}.Release|Any CPU.ActiveCfg = Release|Any CPU
		{57B8BA87-A7B5-451C-AA9C-F8C5EBD07CC9}.Release|Any CPU.Build.0 = Release|Any CPU
		{F08B532E-7290-4B58-B971-DF5099D33C04}.Debug|Any CPU.ActiveCfg = Debug|Any CPU
		{F08B532E-7290-4B58-B971-DF5099D33C04}.Debug|Any CPU.Build.0 = Debug|Any CPU
		{F08B532E-7290-4B58-B971-DF5099D33C04}.Release|Any CPU.ActiveCfg = Release|Any CPU
		{F08B532E-7290-4B58-B971-DF5099D33C04}.Release|Any CPU.Build.0 = Release|Any CPU
		{AFF3094F-7EFD-49A6-ABDB-CB384D47AF77}.Debug|Any CPU.ActiveCfg = Debug|Any CPU
		{AFF3094F-7EFD-49A6-ABDB-CB384D47AF77}.Debug|Any CPU.Build.0 = Debug|Any CPU
		{AFF3094F-7EFD-49A6-ABDB-CB384D47AF77}.Release|Any CPU.ActiveCfg = Release|Any CPU
		{AFF3094F-7EFD-49A6-ABDB-CB384D47AF77}.Release|Any CPU.Build.0 = Release|Any CPU
	EndGlobalSection
EndGlobal
